// !$*UTF8*$!
{
	archiveVersion = 1;
	classes = {
	};
	objectVersion = 56;
	objects = {

/* Begin PBXBuildFile section */
		B698FD5C29A3C63100DA32B1 /* README.md in Resources */ = {isa = PBXBuildFile; fileRef = B698FD5B29A3C63100DA32B1 /* README.md */; };
		C66D1BBA29A44856004A4725 /* LotteryViewModel.swift in Sources */ = {isa = PBXBuildFile; fileRef = C66D1BB929A44856004A4725 /* LotteryViewModel.swift */; };
		C66D1BBC29A448C7004A4725 /* LotteryService.swift in Sources */ = {isa = PBXBuildFile; fileRef = C66D1BBB29A448C7004A4725 /* LotteryService.swift */; };
		C6CA60EB29A2783D0096AEF7 /* LotteryApp.swift in Sources */ = {isa = PBXBuildFile; fileRef = C6CA60EA29A2783D0096AEF7 /* LotteryApp.swift */; };
		C6CA60ED29A2783D0096AEF7 /* LotteryView.swift in Sources */ = {isa = PBXBuildFile; fileRef = C6CA60EC29A2783D0096AEF7 /* LotteryView.swift */; };
		C6CA60EF29A2783E0096AEF7 /* Assets.xcassets in Resources */ = {isa = PBXBuildFile; fileRef = C6CA60EE29A2783E0096AEF7 /* Assets.xcassets */; };
		C6CA60F229A2783E0096AEF7 /* Preview Assets.xcassets in Resources */ = {isa = PBXBuildFile; fileRef = C6CA60F129A2783E0096AEF7 /* Preview Assets.xcassets */; };
/* End PBXBuildFile section */

/* Begin PBXFileReference section */
		B698FD5B29A3C63100DA32B1 /* README.md */ = {isa = PBXFileReference; lastKnownFileType = net.daringfireball.markdown; path = README.md; sourceTree = "<group>"; };
		C66D1BB929A44856004A4725 /* LotteryViewModel.swift */ = {isa = PBXFileReference; lastKnownFileType = sourcecode.swift; path = LotteryViewModel.swift; sourceTree = "<group>"; };
		C66D1BBB29A448C7004A4725 /* LotteryService.swift */ = {isa = PBXFileReference; lastKnownFileType = sourcecode.swift; path = LotteryService.swift; sourceTree = "<group>"; };
		C6CA60E729A2783D0096AEF7 /* hok-lottery-ios.app */ = {isa = PBXFileReference; explicitFileType = wrapper.application; includeInIndex = 0; path = "hok-lottery-ios.app"; sourceTree = BUILT_PRODUCTS_DIR; };
		C6CA60EA29A2783D0096AEF7 /* LotteryApp.swift */ = {isa = PBXFileReference; lastKnownFileType = sourcecode.swift; path = LotteryApp.swift; sourceTree = "<group>"; };
		C6CA60EC29A2783D0096AEF7 /* LotteryView.swift */ = {isa = PBXFileReference; lastKnownFileType = sourcecode.swift; path = LotteryView.swift; sourceTree = "<group>"; };
		C6CA60EE29A2783E0096AEF7 /* Assets.xcassets */ = {isa = PBXFileReference; lastKnownFileType = folder.assetcatalog; path = Assets.xcassets; sourceTree = "<group>"; };
		C6CA60F129A2783E0096AEF7 /* Preview Assets.xcassets */ = {isa = PBXFileReference; lastKnownFileType = folder.assetcatalog; path = "Preview Assets.xcassets"; sourceTree = "<group>"; };
/* End PBXFileReference section */

/* Begin PBXFrameworksBuildPhase section */
		C6CA60E429A2783D0096AEF7 /* Frameworks */ = {
			isa = PBXFrameworksBuildPhase;
			buildActionMask = 2147483647;
			files = (
			);
			runOnlyForDeploymentPostprocessing = 0;
		};
/* End PBXFrameworksBuildPhase section */

/* Begin PBXGroup section */
		B698FD5829A3C59000DA32B1 /* View */ = {
			isa = PBXGroup;
			children = (
				C6CA60EC29A2783D0096AEF7 /* LotteryView.swift */,
			);
			path = View;
			sourceTree = "<group>";
		};
		B6C9E23D29A4E774007953A6 /* Service */ = {
			isa = PBXGroup;
			children = (
				C66D1BBB29A448C7004A4725 /* LotteryService.swift */,
			);
			path = Service;
			sourceTree = "<group>";
		};
		C66D1BB729A4482E004A4725 /* ViewModel */ = {
			isa = PBXGroup;
			children = (
				C66D1BB929A44856004A4725 /* LotteryViewModel.swift */,
			);
			path = ViewModel;
			sourceTree = "<group>";
		};
		C6CA60DE29A2783D0096AEF7 = {
			isa = PBXGroup;
			children = (
				B698FD5B29A3C63100DA32B1 /* README.md */,
				C6CA60E929A2783D0096AEF7 /* HokLotteryIOS */,
				C6CA60E829A2783D0096AEF7 /* Products */,
			);
			sourceTree = "<group>";
		};
		C6CA60E829A2783D0096AEF7 /* Products */ = {
			isa = PBXGroup;
			children = (
				C6CA60E729A2783D0096AEF7 /* hok-lottery-ios.app */,
			);
			name = Products;
			sourceTree = "<group>";
		};
		C6CA60E929A2783D0096AEF7 /* HokLotteryIOS */ = {
			isa = PBXGroup;
			children = (
				B6C9E23D29A4E774007953A6 /* Service */,
				C66D1BB729A4482E004A4725 /* ViewModel */,
				B698FD5829A3C59000DA32B1 /* View */,
				C6CA60EA29A2783D0096AEF7 /* LotteryApp.swift */,
				C6CA60EE29A2783E0096AEF7 /* Assets.xcassets */,
				C6CA60F029A2783E0096AEF7 /* Preview Content */,
			);
			path = HokLotteryIOS;
			sourceTree = "<group>";
		};
		C6CA60F029A2783E0096AEF7 /* Preview Content */ = {
			isa = PBXGroup;
			children = (
				C6CA60F129A2783E0096AEF7 /* Preview Assets.xcassets */,
			);
			path = "Preview Content";
			sourceTree = "<group>";
		};
/* End PBXGroup section */

/* Begin PBXNativeTarget section */
		C6CA60E629A2783D0096AEF7 /* hok-lottery-ios */ = {
			isa = PBXNativeTarget;
			buildConfigurationList = C6CA60F529A2783E0096AEF7 /* Build configuration list for PBXNativeTarget "hok-lottery-ios" */;
			buildPhases = (
				C6CA60E329A2783D0096AEF7 /* Sources */,
				C6CA60E429A2783D0096AEF7 /* Frameworks */,
				C6CA60E529A2783D0096AEF7 /* Resources */,
			);
			buildRules = (
			);
			dependencies = (
			);
			name = "hok-lottery-ios";
			productName = "hok-lottery-ios";
			productReference = C6CA60E729A2783D0096AEF7 /* hok-lottery-ios.app */;
			productType = "com.apple.product-type.application";
		};
/* End PBXNativeTarget section */

/* Begin PBXProject section */
		C6CA60DF29A2783D0096AEF7 /* Project object */ = {
			isa = PBXProject;
			attributes = {
				BuildIndependentTargetsInParallel = 1;
				LastSwiftUpdateCheck = 1420;
				LastUpgradeCheck = 1420;
				TargetAttributes = {
					C6CA60E629A2783D0096AEF7 = {
						CreatedOnToolsVersion = 14.2;
					};
				};
			};
			buildConfigurationList = C6CA60E229A2783D0096AEF7 /* Build configuration list for PBXProject "hok-lottery-ios" */;
			compatibilityVersion = "Xcode 14.0";
			developmentRegion = en;
			hasScannedForEncodings = 0;
			knownRegions = (
				en,
				Base,
			);
			mainGroup = C6CA60DE29A2783D0096AEF7;
			productRefGroup = C6CA60E829A2783D0096AEF7 /* Products */;
			projectDirPath = "";
			projectRoot = "";
			targets = (
				C6CA60E629A2783D0096AEF7 /* hok-lottery-ios */,
			);
		};
/* End PBXProject section */

/* Begin PBXResourcesBuildPhase section */
		C6CA60E529A2783D0096AEF7 /* Resources */ = {
			isa = PBXResourcesBuildPhase;
			buildActionMask = 2147483647;
			files = (
				B698FD5C29A3C63100DA32B1 /* README.md in Resources */,
				C6CA60F229A2783E0096AEF7 /* Preview Assets.xcassets in Resources */,
				C6CA60EF29A2783E0096AEF7 /* Assets.xcassets in Resources */,
			);
			runOnlyForDeploymentPostprocessing = 0;
		};
/* End PBXResourcesBuildPhase section */

/* Begin PBXSourcesBuildPhase section */
		C6CA60E329A2783D0096AEF7 /* Sources */ = {
			isa = PBXSourcesBuildPhase;
			buildActionMask = 2147483647;
			files = (
				C6CA60ED29A2783D0096AEF7 /* LotteryView.swift in Sources */,
				C66D1BBA29A44856004A4725 /* LotteryViewModel.swift in Sources */,
				C6CA60EB29A2783D0096AEF7 /* LotteryApp.swift in Sources */,
				C66D1BBC29A448C7004A4725 /* LotteryService.swift in Sources */,
			);
			runOnlyForDeploymentPostprocessing = 0;
		};
/* End PBXSourcesBuildPhase section */

/* Begin XCBuildConfiguration section */
		C6CA60F329A2783E0096AEF7 /* Debug */ = {
			isa = XCBuildConfiguration;
			buildSettings = {
				ALWAYS_SEARCH_USER_PATHS = NO;
				CLANG_ANALYZER_NONNULL = YES;
				CLANG_ANALYZER_NUMBER_OBJECT_CONVERSION = YES_AGGRESSIVE;
				CLANG_CXX_LANGUAGE_STANDARD = "gnu++20";
				CLANG_ENABLE_MODULES = YES;
				CLANG_ENABLE_OBJC_ARC = YES;
				CLANG_ENABLE_OBJC_WEAK = YES;
				CLANG_WARN_BLOCK_CAPTURE_AUTORELEASING = YES;
				CLANG_WARN_BOOL_CONVERSION = YES;
				CLANG_WARN_COMMA = YES;
				CLANG_WARN_CONSTANT_CONVERSION = YES;
				CLANG_WARN_DEPRECATED_OBJC_IMPLEMENTATIONS = YES;
				CLANG_WARN_DIRECT_OBJC_ISA_USAGE = YES_ERROR;
				CLANG_WARN_DOCUMENTATION_COMMENTS = YES;
				CLANG_WARN_EMPTY_BODY = YES;
				CLANG_WARN_ENUM_CONVERSION = YES;
				CLANG_WARN_INFINITE_RECURSION = YES;
				CLANG_WARN_INT_CONVERSION = YES;
				CLANG_WARN_NON_LITERAL_NULL_CONVERSION = YES;
				CLANG_WARN_OBJC_IMPLICIT_RETAIN_SELF = YES;
				CLANG_WARN_OBJC_LITERAL_CONVERSION = YES;
				CLANG_WARN_OBJC_ROOT_CLASS = YES_ERROR;
				CLANG_WARN_QUOTED_INCLUDE_IN_FRAMEWORK_HEADER = YES;
				CLANG_WARN_RANGE_LOOP_ANALYSIS = YES;
				CLANG_WARN_STRICT_PROTOTYPES = YES;
				CLANG_WARN_SUSPICIOUS_MOVE = YES;
				CLANG_WARN_UNGUARDED_AVAILABILITY = YES_AGGRESSIVE;
				CLANG_WARN_UNREACHABLE_CODE = YES;
				CLANG_WARN__DUPLICATE_METHOD_MATCH = YES;
				COPY_PHASE_STRIP = NO;
				DEBUG_INFORMATION_FORMAT = dwarf;
				ENABLE_STRICT_OBJC_MSGSEND = YES;
				ENABLE_TESTABILITY = YES;
				GCC_C_LANGUAGE_STANDARD = gnu11;
				GCC_DYNAMIC_NO_PIC = NO;
				GCC_NO_COMMON_BLOCKS = YES;
				GCC_OPTIMIZATION_LEVEL = 0;
				GCC_PREPROCESSOR_DEFINITIONS = (
					"DEBUG=1",
					"$(inherited)",
				);
				GCC_WARN_64_TO_32_BIT_CONVERSION = YES;
				GCC_WARN_ABOUT_RETURN_TYPE = YES_ERROR;
				GCC_WARN_UNDECLARED_SELECTOR = YES;
				GCC_WARN_UNINITIALIZED_AUTOS = YES_AGGRESSIVE;
				GCC_WARN_UNUSED_FUNCTION = YES;
				GCC_WARN_UNUSED_VARIABLE = YES;
				IPHONEOS_DEPLOYMENT_TARGET = 16.2;
				MTL_ENABLE_DEBUG_INFO = INCLUDE_SOURCE;
				MTL_FAST_MATH = YES;
				ONLY_ACTIVE_ARCH = YES;
				SDKROOT = iphoneos;
				SWIFT_ACTIVE_COMPILATION_CONDITIONS = DEBUG;
				SWIFT_OPTIMIZATION_LEVEL = "-Onone";
			};
			name = Debug;
		};
		C6CA60F429A2783E0096AEF7 /* Release */ = {
			isa = XCBuildConfiguration;
			buildSettings = {
				ALWAYS_SEARCH_USER_PATHS = NO;
				CLANG_ANALYZER_NONNULL = YES;
				CLANG_ANALYZER_NUMBER_OBJECT_CONVERSION = YES_AGGRESSIVE;
				CLANG_CXX_LANGUAGE_STANDARD = "gnu++20";
				CLANG_ENABLE_MODULES = YES;
				CLANG_ENABLE_OBJC_ARC = YES;
				CLANG_ENABLE_OBJC_WEAK = YES;
				CLANG_WARN_BLOCK_CAPTURE_AUTORELEASING = YES;
				CLANG_WARN_BOOL_CONVERSION = YES;
				CLANG_WARN_COMMA = YES;
				CLANG_WARN_CONSTANT_CONVERSION = YES;
				CLANG_WARN_DEPRECATED_OBJC_IMPLEMENTATIONS = YES;
				CLANG_WARN_DIRECT_OBJC_ISA_USAGE = YES_ERROR;
				CLANG_WARN_DOCUMENTATION_COMMENTS = YES;
				CLANG_WARN_EMPTY_BODY = YES;
				CLANG_WARN_ENUM_CONVERSION = YES;
				CLANG_WARN_INFINITE_RECURSION = YES;
				CLANG_WARN_INT_CONVERSION = YES;
				CLANG_WARN_NON_LITERAL_NULL_CONVERSION = YES;
				CLANG_WARN_OBJC_IMPLICIT_RETAIN_SELF = YES;
				CLANG_WARN_OBJC_LITERAL_CONVERSION = YES;
				CLANG_WARN_OBJC_ROOT_CLASS = YES_ERROR;
				CLANG_WARN_QUOTED_INCLUDE_IN_FRAMEWORK_HEADER = YES;
				CLANG_WARN_RANGE_LOOP_ANALYSIS = YES;
				CLANG_WARN_STRICT_PROTOTYPES = YES;
				CLANG_WARN_SUSPICIOUS_MOVE = YES;
				CLANG_WARN_UNGUARDED_AVAILABILITY = YES_AGGRESSIVE;
				CLANG_WARN_UNREACHABLE_CODE = YES;
				CLANG_WARN__DUPLICATE_METHOD_MATCH = YES;
				COPY_PHASE_STRIP = NO;
				DEBUG_INFORMATION_FORMAT = "dwarf-with-dsym";
				ENABLE_NS_ASSERTIONS = NO;
				ENABLE_STRICT_OBJC_MSGSEND = YES;
				GCC_C_LANGUAGE_STANDARD = gnu11;
				GCC_NO_COMMON_BLOCKS = YES;
				GCC_WARN_64_TO_32_BIT_CONVERSION = YES;
				GCC_WARN_ABOUT_RETURN_TYPE = YES_ERROR;
				GCC_WARN_UNDECLARED_SELECTOR = YES;
				GCC_WARN_UNINITIALIZED_AUTOS = YES_AGGRESSIVE;
				GCC_WARN_UNUSED_FUNCTION = YES;
				GCC_WARN_UNUSED_VARIABLE = YES;
				IPHONEOS_DEPLOYMENT_TARGET = 16.2;
				MTL_ENABLE_DEBUG_INFO = NO;
				MTL_FAST_MATH = YES;
				SDKROOT = iphoneos;
				SWIFT_COMPILATION_MODE = wholemodule;
				SWIFT_OPTIMIZATION_LEVEL = "-O";
				VALIDATE_PRODUCT = YES;
			};
			name = Release;
		};
		C6CA60F629A2783E0096AEF7 /* Debug */ = {
			isa = XCBuildConfiguration;
			buildSettings = {
				ASSETCATALOG_COMPILER_APPICON_NAME = AppIcon;
				ASSETCATALOG_COMPILER_GLOBAL_ACCENT_COLOR_NAME = AccentColor;
				CODE_SIGN_STYLE = Automatic;
				CURRENT_PROJECT_VERSION = 1;
				DEVELOPMENT_ASSET_PATHS = "\"HokLotteryIOS/Preview Content\"";
				DEVELOPMENT_TEAM = UTX7WMHYP9;
				ENABLE_PREVIEWS = YES;
				GENERATE_INFOPLIST_FILE = YES;
				INFOPLIST_FILE = HokLotteryIOS/info.plist;
				INFOPLIST_KEY_UILaunchStoryboardName = LaunchScreen;
				INFOPLIST_KEY_UIRequiredDeviceCapabilities = armv7;
				INFOPLIST_KEY_UIStatusBarHidden = YES;
				INFOPLIST_KEY_UISupportedInterfaceOrientations = UIInterfaceOrientationPortrait;
				INFOPLIST_KEY_UISupportedInterfaceOrientations_iPad = "UIInterfaceOrientationPortrait UIInterfaceOrientationPortraitUpsideDown UIInterfaceOrientationLandscapeLeft UIInterfaceOrientationLandscapeRight";
				INFOPLIST_OUTPUT_FORMAT = binary;
				INFOPLIST_PREPROCESS = YES;
				LD_RUNPATH_SEARCH_PATHS = (
					"$(inherited)",
					"@executable_path/Frameworks",
				);
				MARKETING_VERSION = 1.0;
				PRODUCT_BUNDLE_IDENTIFIER = com.weiran.lottery;
				PRODUCT_NAME = "$(TARGET_NAME)";
				SWIFT_EMIT_LOC_STRINGS = YES;
				SWIFT_VERSION = 5.0;
				TARGETED_DEVICE_FAMILY = "1,2";
			};
			name = Debug;
		};
		C6CA60F729A2783E0096AEF7 /* Release */ = {
			isa = XCBuildConfiguration;
			buildSettings = {
				ASSETCATALOG_COMPILER_APPICON_NAME = AppIcon;
				ASSETCATALOG_COMPILER_GLOBAL_ACCENT_COLOR_NAME = AccentColor;
				CODE_SIGN_STYLE = Automatic;
				CURRENT_PROJECT_VERSION = 1;
				DEVELOPMENT_ASSET_PATHS = "\"HokLotteryIOS/Preview Content\"";
				DEVELOPMENT_TEAM = UTX7WMHYP9;
				ENABLE_PREVIEWS = YES;
				GENERATE_INFOPLIST_FILE = YES;
				INFOPLIST_FILE = HokLotteryIOS/info.plist;
				INFOPLIST_KEY_UILaunchStoryboardName = LaunchScreen;
				INFOPLIST_KEY_UIRequiredDeviceCapabilities = armv7;
				INFOPLIST_KEY_UIStatusBarHidden = YES;
				INFOPLIST_KEY_UISupportedInterfaceOrientations = UIInterfaceOrientationPortrait;
				INFOPLIST_KEY_UISupportedInterfaceOrientations_iPad = "UIInterfaceOrientationPortrait UIInterfaceOrientationPortraitUpsideDown UIInterfaceOrientationLandscapeLeft UIInterfaceOrientationLandscapeRight";
				INFOPLIST_OUTPUT_FORMAT = binary;
				INFOPLIST_PREPROCESS = YES;
				LD_RUNPATH_SEARCH_PATHS = (
					"$(inherited)",
					"@executable_path/Frameworks",
				);
				MARKETING_VERSION = 1.0;
				PRODUCT_BUNDLE_IDENTIFIER = com.weiran.lottery;
				PRODUCT_NAME = "$(TARGET_NAME)";
				SWIFT_EMIT_LOC_STRINGS = YES;
				SWIFT_VERSION = 5.0;
				TARGETED_DEVICE_FAMILY = "1,2";
			};
			name = Release;
		};
/* End XCBuildConfiguration section */

/* Begin XCConfigurationList section */
		C6CA60E229A2783D0096AEF7 /* Build configuration list for PBXProject "hok-lottery-ios" */ = {
			isa = XCConfigurationList;
			buildConfigurations = (
				C6CA60F329A2783E0096AEF7 /* Debug */,
				C6CA60F429A2783E0096AEF7 /* Release */,
			);
			defaultConfigurationIsVisible = 0;
			defaultConfigurationName = Release;
		};
		C6CA60F529A2783E0096AEF7 /* Build configuration list for PBXNativeTarget "hok-lottery-ios" */ = {
			isa = XCConfigurationList;
			buildConfigurations = (
				C6CA60F629A2783E0096AEF7 /* Debug */,
				C6CA60F729A2783E0096AEF7 /* Release */,
			);
			defaultConfigurationIsVisible = 0;
			defaultConfigurationName = Release;
		};
/* End XCConfigurationList section */
	};
	rootObject = C6CA60DF29A2783D0096AEF7 /* Project object */;
}
